
Microsoft Visual Studio Solution File, Format Version 12.00
# Visual Studio Version 16
VisualStudioVersion = 16.0.31229.75
MinimumVisualStudioVersion = 10.0.40219.1
Project("{FAE04EC0-301F-11D3-BF4B-00C04F79EFBC}") = "Hello World!", "Hello World!.csproj", "{854C00A5-4C99-4DCB-9054-915A708EB21E}"
EndProject
Global
	GlobalSection(SolutionConfigurationPlatforms) = preSolution
		Debug|Any CPU = Debug|Any CPU
		Release|Any CPU = Release|Any CPU
	EndGlobalSection
	GlobalSection(ProjectConfigurationPlatforms) = postSolution
		{854C00A5-4C99-4DCB-9054-915A708EB21E}.Debug|Any CPU.ActiveCfg = Debug|Any CPU
		{854C00A5-4C99-4DCB-9054-915A708EB21E}.Debug|Any CPU.Build.0 = Debug|Any CPU
		{854C00A5-4C99-4DCB-9054-915A708EB21E}.Release|Any CPU.ActiveCfg = Release|Any CPU
		{854C00A5-4C99-4DCB-9054-915A708EB21E}.Release|Any CPU.Build.0 = Release|Any CPU
	EndGlobalSection
	GlobalSection(SolutionProperties) = preSolution
		HideSolutionNode = FALSE
	EndGlobalSection
	GlobalSection(ExtensibilityGlobals) = postSolution
		SolutionGuid = {DC4E8FD1-0007-40C9-A5B2-14147B863E2D}
	EndGlobalSection
EndGlobal
